PODS:
  - Alamofire (5.6.4)
  - FSPagerView (0.8.3)
  - MBProgressHUD (1.2.0)
  - SDWebImage (5.15.6):
    - SDWebImage/Core (= 5.15.6)
  - SDWebImage/Core (5.15.6)
  - SwiftyJSON (5.0.1)

DEPENDENCIES:
  - Alamofire
  - FSPagerView
  - MBProgressHUD
  - SDWebImage
  - SwiftyJSON

SPEC REPOS:
  trunk:
    - Alamofire
    - FSPagerView
    - MBProgressHUD
    - SDWebImage
    - SwiftyJSON

SPEC CHECKSUMS:
  Alamofire: 4e95d97098eacb88856099c4fc79b526a299e48c
  FSPagerView: 670405b2f18e2a87fa37f20b00de783e562c25a8
  MBProgressHUD: 3ee5efcc380f6a79a7cc9b363dd669c5e1ae7406
  SDWebImage: d47d81bea8a77187896b620dc79c3c528e8906b9
  SwiftyJSON: 2f33a42c6fbc52764d96f13368585094bfd8aa5e

PODFILE CHECKSUM: 470499c5199ef9599ff8cba43cb51e0376bca84c

COCOAPODS: 1.12.1
